
Microsoft Visual Studio Solution File, Format Version 12.00
# Visual Studio Version 16
VisualStudioVersion = 16.0.30204.135
MinimumVisualStudioVersion = 10.0.40219.1
Project("{FAE04EC0-301F-11D3-BF4B-00C04F79EFBC}") = "WEbBsp_EInführung", "WEbBsp_EInführung\WEbBsp_EInführung.csproj", "{CCABEE4D-6958-4D59-A2DD-58E28FF0008C}"
EndProject
Global
	GlobalSection(SolutionConfigurationPlatforms) = preSolution
		Debug|Any CPU = Debug|Any CPU
		Release|Any CPU = Release|Any CPU
	EndGlobalSection
	GlobalSection(ProjectConfigurationPlatforms) = postSolution
		{CCABEE4D-6958-4D59-A2DD-58E28FF0008C}.Debug|Any CPU.ActiveCfg = Debug|Any CPU
		{CCABEE4D-6958-4D59-A2DD-58E28FF0008C}.Debug|Any CPU.Build.0 = Debug|Any CPU
		{CCABEE4D-6958-4D59-A2DD-58E28FF0008C}.Release|Any CPU.ActiveCfg = Release|Any CPU
		{CCABEE4D-6958-4D59-A2DD-58E28FF0008C}.Release|Any CPU.Build.0 = Release|Any CPU
	EndGlobalSection
	GlobalSection(SolutionProperties) = preSolution
		HideSolutionNode = FALSE
	EndGlobalSection
	GlobalSection(ExtensibilityGlobals) = postSolution
		SolutionGuid = {FF3D61F1-5A30-4B11-A733-B5C34192F268}
	EndGlobalSection
EndGlobal
